
Microsoft Visual Studio Solution File, Format Version 12.00
# Visual Studio 15
VisualStudioVersion = 15.0.26730.16
MinimumVisualStudioVersion = 10.0.40219.1
Project("{FAE04EC0-301F-11D3-BF4B-00C04F79EFBC}") = "IDSkills.Data", "..\Libraries\IDSkills.Data\IDSkills.Data.csproj", "{D447FCA1-CB00-44E1-B651-6C095572686B}"
EndProject
Project("{FAE04EC0-301F-11D3-BF4B-00C04F79EFBC}") = "IDSkills.Contracts", "..\Libraries\IDSkills.Contracts\IDSkills.Contracts.csproj", "{48D5E240-501A-4D85-9047-0E70C0F83249}"
EndProject
Global
	GlobalSection(SolutionConfigurationPlatforms) = preSolution
		Debug|Any CPU = Debug|Any CPU
		Release|Any CPU = Release|Any CPU
	EndGlobalSection
	GlobalSection(ProjectConfigurationPlatforms) = postSolution
		{D447FCA1-CB00-44E1-B651-6C095572686B}.Debug|Any CPU.ActiveCfg = Debug|Any CPU
		{D447FCA1-CB00-44E1-B651-6C095572686B}.Debug|Any CPU.Build.0 = Debug|Any CPU
		{D447FCA1-CB00-44E1-B651-6C095572686B}.Release|Any CPU.ActiveCfg = Release|Any CPU
		{D447FCA1-CB00-44E1-B651-6C095572686B}.Release|Any CPU.Build.0 = Release|Any CPU
		{48D5E240-501A-4D85-9047-0E70C0F83249}.Debug|Any CPU.ActiveCfg = Debug|Any CPU
		{48D5E240-501A-4D85-9047-0E70C0F83249}.Debug|Any CPU.Build.0 = Debug|Any CPU
		{48D5E240-501A-4D85-9047-0E70C0F83249}.Release|Any CPU.ActiveCfg = Release|Any CPU
		{48D5E240-501A-4D85-9047-0E70C0F83249}.Release|Any CPU.Build.0 = Release|Any CPU
	EndGlobalSection
	GlobalSection(SolutionProperties) = preSolution
		HideSolutionNode = FALSE
	EndGlobalSection
	GlobalSection(ExtensibilityGlobals) = postSolution
		SolutionGuid = {DF94A8BA-7ACF-4D17-B9C9-417C0DB11CC2}
	EndGlobalSection
EndGlobal
